
Microsoft Visual Studio Solution File, Format Version 12.00
# Visual Studio 15
VisualStudioVersion = 15.0.28307.421
MinimumVisualStudioVersion = 10.0.40219.1
Project("{FAE04EC0-301F-11D3-BF4B-00C04F79EFBC}") = "ConsoleApp1", "ConsoleApp1\ConsoleApp1.csproj", "{EE513CC5-2E90-4346-9371-0216AE216710}"
EndProject
Global
	GlobalSection(SolutionConfigurationPlatforms) = preSolution
		Debug|Any CPU = Debug|Any CPU
		Release|Any CPU = Release|Any CPU
	EndGlobalSection
	GlobalSection(ProjectConfigurationPlatforms) = postSolution
		{EE513CC5-2E90-4346-9371-0216AE216710}.Debug|Any CPU.ActiveCfg = Debug|Any CPU
		{EE513CC5-2E90-4346-9371-0216AE216710}.Debug|Any CPU.Build.0 = Debug|Any CPU
		{EE513CC5-2E90-4346-9371-0216AE216710}.Release|Any CPU.ActiveCfg = Release|Any CPU
		{EE513CC5-2E90-4346-9371-0216AE216710}.Release|Any CPU.Build.0 = Release|Any CPU
	EndGlobalSection
	GlobalSection(SolutionProperties) = preSolution
		HideSolutionNode = FALSE
	EndGlobalSection
	GlobalSection(ExtensibilityGlobals) = postSolution
		SolutionGuid = {FA9E2F30-C113-4AD0-A4FB-FDFD1DBE1C2B}
	EndGlobalSection
EndGlobal
